// !$*UTF8*$!
{
	archiveVersion = 1;
	classes = {
	};
	objectVersion = 50;
	objects = {

/* Begin PBXBuildFile section */
		180DD1C52729A2D200F3A00D /* VideosViewController.swift in Sources */ = {isa = PBXBuildFile; fileRef = 180DD1C42729A2D200F3A00D /* VideosViewController.swift */; };
		180DD1C82729A30A00F3A00D /* VideoCorrosalCollectionViewCell.swift in Sources */ = {isa = PBXBuildFile; fileRef = 180DD1C62729A30A00F3A00D /* VideoCorrosalCollectionViewCell.swift */; };
		180DD1C92729A30A00F3A00D /* VideoCorrosalCollectionViewCell.xib in Resources */ = {isa = PBXBuildFile; fileRef = 180DD1C72729A30A00F3A00D /* VideoCorrosalCollectionViewCell.xib */; };
		180DD1CD2729A4A200F3A00D /* PreviewVideoViewController.swift in Sources */ = {isa = PBXBuildFile; fileRef = 180DD1CC2729A4A200F3A00D /* PreviewVideoViewController.swift */; };
		180F8F8E2731634A00863AC5 /* VideoSubfolderCollectionViewCell.swift in Sources */ = {isa = PBXBuildFile; fileRef = 180F8F8C2731634A00863AC5 /* VideoSubfolderCollectionViewCell.swift */; };
		180F8F8F2731634A00863AC5 /* VideoSubfolderCollectionViewCell.xib in Resources */ = {isa = PBXBuildFile; fileRef = 180F8F8D2731634A00863AC5 /* VideoSubfolderCollectionViewCell.xib */; };
		180F8F912731644F00863AC5 /* VideoSubfolderViewController.swift in Sources */ = {isa = PBXBuildFile; fileRef = 180F8F902731644F00863AC5 /* VideoSubfolderViewController.swift */; };
		182ABB93272AD524004A2CF7 /* hotc.mov in Resources */ = {isa = PBXBuildFile; fileRef = 182ABB92272AD523004A2CF7 /* hotc.mov */; };
		183E5F04272BE11300BDB503 /* PlayerViewController.swift in Sources */ = {isa = PBXBuildFile; fileRef = 183E5F03272BE11300BDB503 /* PlayerViewController.swift */; };
		18AEA69F2737C55500300796 /* 1.mp4 in Resources */ = {isa = PBXBuildFile; fileRef = 18AEA69E2737C55500300796 /* 1.mp4 */; };
		18B640DB273A79400098552F /* PlayVideoClass.swift in Sources */ = {isa = PBXBuildFile; fileRef = 18B640DA273A79400098552F /* PlayVideoClass.swift */; };
		18D062822728154100831A41 /* AppDelegate.swift in Sources */ = {isa = PBXBuildFile; fileRef = 18D062812728154100831A41 /* AppDelegate.swift */; };
		18D062842728154100831A41 /* SceneDelegate.swift in Sources */ = {isa = PBXBuildFile; fileRef = 18D062832728154100831A41 /* SceneDelegate.swift */; };
		18D062862728154100831A41 /* ViewController.swift in Sources */ = {isa = PBXBuildFile; fileRef = 18D062852728154100831A41 /* ViewController.swift */; };
		18D062892728154100831A41 /* Main.storyboard in Resources */ = {isa = PBXBuildFile; fileRef = 18D062872728154100831A41 /* Main.storyboard */; };
		18D0628B2728154300831A41 /* Assets.xcassets in Resources */ = {isa = PBXBuildFile; fileRef = 18D0628A2728154300831A41 /* Assets.xcassets */; };
		18D0628E2728154300831A41 /* LaunchScreen.storyboard in Resources */ = {isa = PBXBuildFile; fileRef = 18D0628C2728154300831A41 /* LaunchScreen.storyboard */; };
		18D062972728369900831A41 /* PhotoAlbumCollectionViewCell.swift in Sources */ = {isa = PBXBuildFile; fileRef = 18D062952728369900831A41 /* PhotoAlbumCollectionViewCell.swift */; };
		18D062982728369900831A41 /* PhotoAlbumCollectionViewCell.xib in Resources */ = {isa = PBXBuildFile; fileRef = 18D062962728369900831A41 /* PhotoAlbumCollectionViewCell.xib */; };
		18D0629A272836B600831A41 /* PhotoAlbumViewController.swift in Sources */ = {isa = PBXBuildFile; fileRef = 18D06299272836B600831A41 /* PhotoAlbumViewController.swift */; };
		18D0629C27283D9E00831A41 /* PhotoViewController.swift in Sources */ = {isa = PBXBuildFile; fileRef = 18D0629B27283D9E00831A41 /* PhotoViewController.swift */; };
		18E209BB273BCDAE002A09D4 /* CHTCollectionViewWaterfallLayout.swift in Sources */ = {isa = PBXBuildFile; fileRef = 18E209B9273BCDAD002A09D4 /* CHTCollectionViewWaterfallLayout.swift */; };
		18E209BC273BCDAE002A09D4 /* ItemModel.swift in Sources */ = {isa = PBXBuildFile; fileRef = 18E209BA273BCDAD002A09D4 /* ItemModel.swift */; };
		18E245552737A7ED006276FD /* haldiBg.jpg in Resources */ = {isa = PBXBuildFile; fileRef = 18E245542737A7ED006276FD /* haldiBg.jpg */; };
		18E245592737A806006276FD /* haldi2.jpg in Resources */ = {isa = PBXBuildFile; fileRef = 18E245572737A806006276FD /* haldi2.jpg */; };
		18E2455F2737A833006276FD /* mehendi2.jpg in Resources */ = {isa = PBXBuildFile; fileRef = 18E2455C2737A833006276FD /* mehendi2.jpg */; };
		18E245632737A884006276FD /* muhurtam1.jpg in Resources */ = {isa = PBXBuildFile; fileRef = 18E245602737A883006276FD /* muhurtam1.jpg */; };
		18E245642737A884006276FD /* muhurtamBg.jpg in Resources */ = {isa = PBXBuildFile; fileRef = 18E245612737A883006276FD /* muhurtamBg.jpg */; };
		18E2456A2737A89D006276FD /* photoShootBg.jpg in Resources */ = {isa = PBXBuildFile; fileRef = 18E245672737A89C006276FD /* photoShootBg.jpg */; };
		18E2456B2737A89D006276FD /* photo1.jpg in Resources */ = {isa = PBXBuildFile; fileRef = 18E245682737A89C006276FD /* photo1.jpg */; };
		18E2456E2737A8B8006276FD /* reception.jpg in Resources */ = {isa = PBXBuildFile; fileRef = 18E2456C2737A8B7006276FD /* reception.jpg */; };
		18E2456F2737A8B8006276FD /* reception1.jpg in Resources */ = {isa = PBXBuildFile; fileRef = 18E2456D2737A8B8006276FD /* reception1.jpg */; };
		18E245732737A8CD006276FD /* sangeet.jpg in Resources */ = {isa = PBXBuildFile; fileRef = 18E245712737A8CD006276FD /* sangeet.jpg */; };
		18E9692A272920E900C963A3 /* ImagePreviewVC.swift in Sources */ = {isa = PBXBuildFile; fileRef = 18E96929272920E900C963A3 /* ImagePreviewVC.swift */; };
		18E969322729598100C963A3 /* PreviewCollectionViewCell.swift in Sources */ = {isa = PBXBuildFile; fileRef = 18E969312729598100C963A3 /* PreviewCollectionViewCell.swift */; };
		18EE4B47272A85DA0003F880 /* SlideShowViewController.swift in Sources */ = {isa = PBXBuildFile; fileRef = 18EE4B46272A85DA0003F880 /* SlideShowViewController.swift */; };
/* End PBXBuildFile section */

/* Begin PBXFileReference section */
		180DD1C42729A2D200F3A00D /* VideosViewController.swift */ = {isa = PBXFileReference; lastKnownFileType = sourcecode.swift; path = VideosViewController.swift; sourceTree = "<group>"; };
		180DD1C62729A30A00F3A00D /* VideoCorrosalCollectionViewCell.swift */ = {isa = PBXFileReference; lastKnownFileType = sourcecode.swift; path = VideoCorrosalCollectionViewCell.swift; sourceTree = "<group>"; };
		180DD1C72729A30A00F3A00D /* VideoCorrosalCollectionViewCell.xib */ = {isa = PBXFileReference; lastKnownFileType = file.xib; path = VideoCorrosalCollectionViewCell.xib; sourceTree = "<group>"; };
		180DD1CC2729A4A200F3A00D /* PreviewVideoViewController.swift */ = {isa = PBXFileReference; lastKnownFileType = sourcecode.swift; path = PreviewVideoViewController.swift; sourceTree = "<group>"; };
		180F8F8C2731634A00863AC5 /* VideoSubfolderCollectionViewCell.swift */ = {isa = PBXFileReference; lastKnownFileType = sourcecode.swift; path = VideoSubfolderCollectionViewCell.swift; sourceTree = "<group>"; };
		180F8F8D2731634A00863AC5 /* VideoSubfolderCollectionViewCell.xib */ = {isa = PBXFileReference; lastKnownFileType = file.xib; path = VideoSubfolderCollectionViewCell.xib; sourceTree = "<group>"; };
		180F8F902731644F00863AC5 /* VideoSubfolderViewController.swift */ = {isa = PBXFileReference; lastKnownFileType = sourcecode.swift; path = VideoSubfolderViewController.swift; sourceTree = "<group>"; };
		182ABB92272AD523004A2CF7 /* hotc.mov */ = {isa = PBXFileReference; lastKnownFileType = video.quicktime; path = hotc.mov; sourceTree = "<group>"; };
		183E5F03272BE11300BDB503 /* PlayerViewController.swift */ = {isa = PBXFileReference; lastKnownFileType = sourcecode.swift; path = PlayerViewController.swift; sourceTree = "<group>"; };
		18AEA69E2737C55500300796 /* 1.mp4 */ = {isa = PBXFileReference; lastKnownFileType = file; path = 1.mp4; sourceTree = "<group>"; };
		18B640DA273A79400098552F /* PlayVideoClass.swift */ = {isa = PBXFileReference; fileEncoding = 4; lastKnownFileType = sourcecode.swift; path = PlayVideoClass.swift; sourceTree = "<group>"; };
		18D0627E2728154100831A41 /* Wedding Album.app */ = {isa = PBXFileReference; explicitFileType = wrapper.application; includeInIndex = 0; path = "Wedding Album.app"; sourceTree = BUILT_PRODUCTS_DIR; };
		18D062812728154100831A41 /* AppDelegate.swift */ = {isa = PBXFileReference; lastKnownFileType = sourcecode.swift; path = AppDelegate.swift; sourceTree = "<group>"; };
		18D062832728154100831A41 /* SceneDelegate.swift */ = {isa = PBXFileReference; lastKnownFileType = sourcecode.swift; path = SceneDelegate.swift; sourceTree = "<group>"; };
		18D062852728154100831A41 /* ViewController.swift */ = {isa = PBXFileReference; lastKnownFileType = sourcecode.swift; path = ViewController.swift; sourceTree = "<group>"; };
		18D062882728154100831A41 /* Base */ = {isa = PBXFileReference; lastKnownFileType = file.storyboard; name = Base; path = Base.lproj/Main.storyboard; sourceTree = "<group>"; };
		18D0628A2728154300831A41 /* Assets.xcassets */ = {isa = PBXFileReference; lastKnownFileType = folder.assetcatalog; path = Assets.xcassets; sourceTree = "<group>"; };
		18D0628D2728154300831A41 /* Base */ = {isa = PBXFileReference; lastKnownFileType = file.storyboard; name = Base; path = Base.lproj/LaunchScreen.storyboard; sourceTree = "<group>"; };
		18D0628F2728154300831A41 /* Info.plist */ = {isa = PBXFileReference; lastKnownFileType = text.plist.xml; path = Info.plist; sourceTree = "<group>"; };
		18D062952728369900831A41 /* PhotoAlbumCollectionViewCell.swift */ = {isa = PBXFileReference; lastKnownFileType = sourcecode.swift; path = PhotoAlbumCollectionViewCell.swift; sourceTree = "<group>"; };
		18D062962728369900831A41 /* PhotoAlbumCollectionViewCell.xib */ = {isa = PBXFileReference; lastKnownFileType = file.xib; path = PhotoAlbumCollectionViewCell.xib; sourceTree = "<group>"; };
		18D06299272836B600831A41 /* PhotoAlbumViewController.swift */ = {isa = PBXFileReference; lastKnownFileType = sourcecode.swift; path = PhotoAlbumViewController.swift; sourceTree = "<group>"; };
		18D0629B27283D9E00831A41 /* PhotoViewController.swift */ = {isa = PBXFileReference; lastKnownFileType = sourcecode.swift; path = PhotoViewController.swift; sourceTree = "<group>"; };
		18E209B9273BCDAD002A09D4 /* CHTCollectionViewWaterfallLayout.swift */ = {isa = PBXFileReference; fileEncoding = 4; lastKnownFileType = sourcecode.swift; path = CHTCollectionViewWaterfallLayout.swift; sourceTree = "<group>"; };
		18E209BA273BCDAD002A09D4 /* ItemModel.swift */ = {isa = PBXFileReference; fileEncoding = 4; lastKnownFileType = sourcecode.swift; path = ItemModel.swift; sourceTree = "<group>"; };
		18E245542737A7ED006276FD /* haldiBg.jpg */ = {isa = PBXFileReference; lastKnownFileType = image.jpeg; path = haldiBg.jpg; sourceTree = "<group>"; };
		18E245572737A806006276FD /* haldi2.jpg */ = {isa = PBXFileReference; lastKnownFileType = image.jpeg; path = haldi2.jpg; sourceTree = "<group>"; };
		18E2455C2737A833006276FD /* mehendi2.jpg */ = {isa = PBXFileReference; lastKnownFileType = image.jpeg; path = mehendi2.jpg; sourceTree = "<group>"; };
		18E245602737A883006276FD /* muhurtam1.jpg */ = {isa = PBXFileReference; lastKnownFileType = image.jpeg; path = muhurtam1.jpg; sourceTree = "<group>"; };
		18E245612737A883006276FD /* muhurtamBg.jpg */ = {isa = PBXFileReference; lastKnownFileType = image.jpeg; path = muhurtamBg.jpg; sourceTree = "<group>"; };
		18E245672737A89C006276FD /* photoShootBg.jpg */ = {isa = PBXFileReference; lastKnownFileType = image.jpeg; path = photoShootBg.jpg; sourceTree = "<group>"; };
		18E245682737A89C006276FD /* photo1.jpg */ = {isa = PBXFileReference; lastKnownFileType = image.jpeg; path = photo1.jpg; sourceTree = "<group>"; };
		18E2456C2737A8B7006276FD /* reception.jpg */ = {isa = PBXFileReference; lastKnownFileType = image.jpeg; path = reception.jpg; sourceTree = "<group>"; };
		18E2456D2737A8B8006276FD /* reception1.jpg */ = {isa = PBXFileReference; lastKnownFileType = image.jpeg; path = reception1.jpg; sourceTree = "<group>"; };
		18E245712737A8CD006276FD /* sangeet.jpg */ = {isa = PBXFileReference; lastKnownFileType = image.jpeg; path = sangeet.jpg; sourceTree = "<group>"; };
		18E245752737AB6E006276FD /* mehendiBg.jpg */ = {isa = PBXFileReference; lastKnownFileType = image.jpeg; path = mehendiBg.jpg; sourceTree = "<group>"; };
		18E245762737AB6F006276FD /* sangBg.jpg */ = {isa = PBXFileReference; lastKnownFileType = image.jpeg; path = sangBg.jpg; sourceTree = "<group>"; };
		18E96929272920E900C963A3 /* ImagePreviewVC.swift */ = {isa = PBXFileReference; fileEncoding = 4; lastKnownFileType = sourcecode.swift; path = ImagePreviewVC.swift; sourceTree = "<group>"; };
		18E969312729598100C963A3 /* PreviewCollectionViewCell.swift */ = {isa = PBXFileReference; lastKnownFileType = sourcecode.swift; path = PreviewCollectionViewCell.swift; sourceTree = "<group>"; };
		18EE4B46272A85DA0003F880 /* SlideShowViewController.swift */ = {isa = PBXFileReference; lastKnownFileType = sourcecode.swift; path = SlideShowViewController.swift; sourceTree = "<group>"; };
/* End PBXFileReference section */

/* Begin PBXFrameworksBuildPhase section */
		18D0627B2728154100831A41 /* Frameworks */ = {
			isa = PBXFrameworksBuildPhase;
			buildActionMask = 2147483647;
			files = (
			);
			runOnlyForDeploymentPostprocessing = 0;
		};
/* End PBXFrameworksBuildPhase section */

/* Begin PBXGroup section */
		180DD1CE2729A84C00F3A00D /* Photo corrosal */ = {
			isa = PBXGroup;
			children = (
				18D06299272836B600831A41 /* PhotoAlbumViewController.swift */,
				18D062952728369900831A41 /* PhotoAlbumCollectionViewCell.swift */,
				18D062962728369900831A41 /* PhotoAlbumCollectionViewCell.xib */,
			);
			path = "Photo corrosal";
			sourceTree = "<group>";
		};
		180DD1CF2729A86E00F3A00D /* Photo Preview */ = {
			isa = PBXGroup;
			children = (
				18D0629B27283D9E00831A41 /* PhotoViewController.swift */,
				18E969312729598100C963A3 /* PreviewCollectionViewCell.swift */,
				18E96929272920E900C963A3 /* ImagePreviewVC.swift */,
			);
			path = "Photo Preview";
			sourceTree = "<group>";
		};
		180DD1D02729A89100F3A00D /* Video corrosal */ = {
			isa = PBXGroup;
			children = (
				180DD1C42729A2D200F3A00D /* VideosViewController.swift */,
				180DD1C62729A30A00F3A00D /* VideoCorrosalCollectionViewCell.swift */,
				180DD1C72729A30A00F3A00D /* VideoCorrosalCollectionViewCell.xib */,
				180F8F902731644F00863AC5 /* VideoSubfolderViewController.swift */,
				180F8F8C2731634A00863AC5 /* VideoSubfolderCollectionViewCell.swift */,
				180F8F8D2731634A00863AC5 /* VideoSubfolderCollectionViewCell.xib */,
			);
			path = "Video corrosal";
			sourceTree = "<group>";
		};
		180DD1D12729A8A000F3A00D /* Video preview */ = {
			isa = PBXGroup;
			children = (
				180DD1CC2729A4A200F3A00D /* PreviewVideoViewController.swift */,
			);
			path = "Video preview";
			sourceTree = "<group>";
		};
		181F3E8C272CE8D3006A5982 /* Video  */ = {
			isa = PBXGroup;
			children = (
				18AEA69E2737C55500300796 /* 1.mp4 */,
				182ABB92272AD523004A2CF7 /* hotc.mov */,
			);
			path = "Video ";
			sourceTree = "<group>";
		};
		18D062752728154100831A41 = {
			isa = PBXGroup;
			children = (
				18D062802728154100831A41 /* Wedding Album */,
				18D0627F2728154100831A41 /* Products */,
			);
			sourceTree = "<group>";
		};
		18D0627F2728154100831A41 /* Products */ = {
			isa = PBXGroup;
			children = (
				18D0627E2728154100831A41 /* Wedding Album.app */,
			);
			name = Products;
			sourceTree = "<group>";
		};
		18D062802728154100831A41 /* Wedding Album */ = {
			isa = PBXGroup;
			children = (
				18E209B9273BCDAD002A09D4 /* CHTCollectionViewWaterfallLayout.swift */,
				18E209BA273BCDAD002A09D4 /* ItemModel.swift */,
				18D062812728154100831A41 /* AppDelegate.swift */,
				18D062832728154100831A41 /* SceneDelegate.swift */,
				18D062852728154100831A41 /* ViewController.swift */,
				183E5F03272BE11300BDB503 /* PlayerViewController.swift */,
				18E245742737AB6D006276FD /* Photos */,
				181F3E8C272CE8D3006A5982 /* Video  */,
				18D062872728154100831A41 /* Main.storyboard */,
				18D0628A2728154300831A41 /* Assets.xcassets */,
				18D0628C2728154300831A41 /* LaunchScreen.storyboard */,
				18D0628F2728154300831A41 /* Info.plist */,
				180DD1CE2729A84C00F3A00D /* Photo corrosal */,
				180DD1CF2729A86E00F3A00D /* Photo Preview */,
				180DD1D02729A89100F3A00D /* Video corrosal */,
				180DD1D12729A8A000F3A00D /* Video preview */,
				18EE4B46272A85DA0003F880 /* SlideShowViewController.swift */,
				18B640DA273A79400098552F /* PlayVideoClass.swift */,
			);
			path = "Wedding Album";
			sourceTree = "<group>";
		};
		18E245742737AB6D006276FD /* Photos */ = {
			isa = PBXGroup;
			children = (
				18E245542737A7ED006276FD /* haldiBg.jpg */,
				18E245572737A806006276FD /* haldi2.jpg */,
				18E245752737AB6E006276FD /* mehendiBg.jpg */,
				18E2455C2737A833006276FD /* mehendi2.jpg */,
				18E245612737A883006276FD /* muhurtamBg.jpg */,
				18E245602737A883006276FD /* muhurtam1.jpg */,
				18E245672737A89C006276FD /* photoShootBg.jpg */,
				18E245682737A89C006276FD /* photo1.jpg */,
				18E2456C2737A8B7006276FD /* reception.jpg */,
				18E2456D2737A8B8006276FD /* reception1.jpg */,
				18E245762737AB6F006276FD /* sangBg.jpg */,
				18E245712737A8CD006276FD /* sangeet.jpg */,
			);
			path = Photos;
			sourceTree = "<group>";
		};
/* End PBXGroup section */

/* Begin PBXNativeTarget section */
		18D0627D2728154100831A41 /* Wedding Album */ = {
			isa = PBXNativeTarget;
			buildConfigurationList = 18D062922728154300831A41 /* Build configuration list for PBXNativeTarget "Wedding Album" */;
			buildPhases = (
				18D0627A2728154100831A41 /* Sources */,
				18D0627B2728154100831A41 /* Frameworks */,
				18D0627C2728154100831A41 /* Resources */,
			);
			buildRules = (
			);
			dependencies = (
			);
			name = "Wedding Album";
			productName = "Wedding Album";
			productReference = 18D0627E2728154100831A41 /* Wedding Album.app */;
			productType = "com.apple.product-type.application";
		};
/* End PBXNativeTarget section */

/* Begin PBXProject section */
		18D062762728154100831A41 /* Project object */ = {
			isa = PBXProject;
			attributes = {
				LastSwiftUpdateCheck = 1170;
				LastUpgradeCheck = 1170;
				ORGANIZATIONNAME = apple;
				TargetAttributes = {
					18D0627D2728154100831A41 = {
						CreatedOnToolsVersion = 11.7;
					};
				};
			};
			buildConfigurationList = 18D062792728154100831A41 /* Build configuration list for PBXProject "Wedding Album" */;
			compatibilityVersion = "Xcode 9.3";
			developmentRegion = en;
			hasScannedForEncodings = 0;
			knownRegions = (
				en,
				Base,
			);
			mainGroup = 18D062752728154100831A41;
			productRefGroup = 18D0627F2728154100831A41 /* Products */;
			projectDirPath = "";
			projectRoot = "";
			targets = (
				18D0627D2728154100831A41 /* Wedding Album */,
			);
		};
/* End PBXProject section */

/* Begin PBXResourcesBuildPhase section */
		18D0627C2728154100831A41 /* Resources */ = {
			isa = PBXResourcesBuildPhase;
			buildActionMask = 2147483647;
			files = (
				182ABB93272AD524004A2CF7 /* hotc.mov in Resources */,
				18D0628E2728154300831A41 /* LaunchScreen.storyboard in Resources */,
				18D0628B2728154300831A41 /* Assets.xcassets in Resources */,
				18D062982728369900831A41 /* PhotoAlbumCollectionViewCell.xib in Resources */,
				18D062892728154100831A41 /* Main.storyboard in Resources */,
				180F8F8F2731634A00863AC5 /* VideoSubfolderCollectionViewCell.xib in Resources */,
				18E245592737A806006276FD /* haldi2.jpg in Resources */,
				18E2456F2737A8B8006276FD /* reception1.jpg in Resources */,
				18E245552737A7ED006276FD /* haldiBg.jpg in Resources */,
				18E2456A2737A89D006276FD /* photoShootBg.jpg in Resources */,
				18E245642737A884006276FD /* muhurtamBg.jpg in Resources */,
				18E2456B2737A89D006276FD /* photo1.jpg in Resources */,
				18E245632737A884006276FD /* muhurtam1.jpg in Resources */,
				18E2455F2737A833006276FD /* mehendi2.jpg in Resources */,
				18E2456E2737A8B8006276FD /* reception.jpg in Resources */,
				18AEA69F2737C55500300796 /* 1.mp4 in Resources */,
				180DD1C92729A30A00F3A00D /* VideoCorrosalCollectionViewCell.xib in Resources */,
				18E245732737A8CD006276FD /* sangeet.jpg in Resources */,
			);
			runOnlyForDeploymentPostprocessing = 0;
		};
/* End PBXResourcesBuildPhase section */

/* Begin PBXSourcesBuildPhase section */
		18D0627A2728154100831A41 /* Sources */ = {
			isa = PBXSourcesBuildPhase;
			buildActionMask = 2147483647;
			files = (
				180DD1C52729A2D200F3A00D /* VideosViewController.swift in Sources */,
				180F8F8E2731634A00863AC5 /* VideoSubfolderCollectionViewCell.swift in Sources */,
				18B640DB273A79400098552F /* PlayVideoClass.swift in Sources */,
				18D062862728154100831A41 /* ViewController.swift in Sources */,
				18D062822728154100831A41 /* AppDelegate.swift in Sources */,
				180DD1C82729A30A00F3A00D /* VideoCorrosalCollectionViewCell.swift in Sources */,
				18D062842728154100831A41 /* SceneDelegate.swift in Sources */,
				18EE4B47272A85DA0003F880 /* SlideShowViewController.swift in Sources */,
				18E969322729598100C963A3 /* PreviewCollectionViewCell.swift in Sources */,
				18E209BB273BCDAE002A09D4 /* CHTCollectionViewWaterfallLayout.swift in Sources */,
				183E5F04272BE11300BDB503 /* PlayerViewController.swift in Sources */,
				18D0629A272836B600831A41 /* PhotoAlbumViewController.swift in Sources */,
				18E209BC273BCDAE002A09D4 /* ItemModel.swift in Sources */,
				18E9692A272920E900C963A3 /* ImagePreviewVC.swift in Sources */,
				180F8F912731644F00863AC5 /* VideoSubfolderViewController.swift in Sources */,
				180DD1CD2729A4A200F3A00D /* PreviewVideoViewController.swift in Sources */,
				18D062972728369900831A41 /* PhotoAlbumCollectionViewCell.swift in Sources */,
				18D0629C27283D9E00831A41 /* PhotoViewController.swift in Sources */,
			);
			runOnlyForDeploymentPostprocessing = 0;
		};
/* End PBXSourcesBuildPhase section */

/* Begin PBXVariantGroup section */
		18D062872728154100831A41 /* Main.storyboard */ = {
			isa = PBXVariantGroup;
			children = (
				18D062882728154100831A41 /* Base */,
			);
			name = Main.storyboard;
			sourceTree = "<group>";
		};
		18D0628C2728154300831A41 /* LaunchScreen.storyboard */ = {
			isa = PBXVariantGroup;
			children = (
				18D0628D2728154300831A41 /* Base */,
			);
			name = LaunchScreen.storyboard;
			sourceTree = "<group>";
		};
/* End PBXVariantGroup section */

/* Begin XCBuildConfiguration section */
		18D062902728154300831A41 /* Debug */ = {
			isa = XCBuildConfiguration;
			buildSettings = {
				ALWAYS_SEARCH_USER_PATHS = NO;
				CLANG_ANALYZER_NONNULL = YES;
				CLANG_ANALYZER_NUMBER_OBJECT_CONVERSION = YES_AGGRESSIVE;
				CLANG_CXX_LANGUAGE_STANDARD = "gnu++14";
				CLANG_CXX_LIBRARY = "libc++";
				CLANG_ENABLE_MODULES = YES;
				CLANG_ENABLE_OBJC_ARC = YES;
				CLANG_ENABLE_OBJC_WEAK = YES;
				CLANG_WARN_BLOCK_CAPTURE_AUTORELEASING = YES;
				CLANG_WARN_BOOL_CONVERSION = YES;
				CLANG_WARN_COMMA = YES;
				CLANG_WARN_CONSTANT_CONVERSION = YES;
				CLANG_WARN_DEPRECATED_OBJC_IMPLEMENTATIONS = YES;
				CLANG_WARN_DIRECT_OBJC_ISA_USAGE = YES_ERROR;
				CLANG_WARN_DOCUMENTATION_COMMENTS = YES;
				CLANG_WARN_EMPTY_BODY = YES;
				CLANG_WARN_ENUM_CONVERSION = YES;
				CLANG_WARN_INFINITE_RECURSION = YES;
				CLANG_WARN_INT_CONVERSION = YES;
				CLANG_WARN_NON_LITERAL_NULL_CONVERSION = YES;
				CLANG_WARN_OBJC_IMPLICIT_RETAIN_SELF = YES;
				CLANG_WARN_OBJC_LITERAL_CONVERSION = YES;
				CLANG_WARN_OBJC_ROOT_CLASS = YES_ERROR;
				CLANG_WARN_RANGE_LOOP_ANALYSIS = YES;
				CLANG_WARN_STRICT_PROTOTYPES = YES;
				CLANG_WARN_SUSPICIOUS_MOVE = YES;
				CLANG_WARN_UNGUARDED_AVAILABILITY = YES_AGGRESSIVE;
				CLANG_WARN_UNREACHABLE_CODE = YES;
				CLANG_WARN__DUPLICATE_METHOD_MATCH = YES;
				COPY_PHASE_STRIP = NO;
				DEBUG_INFORMATION_FORMAT = dwarf;
				ENABLE_STRICT_OBJC_MSGSEND = YES;
				ENABLE_TESTABILITY = YES;
				GCC_C_LANGUAGE_STANDARD = gnu11;
				GCC_DYNAMIC_NO_PIC = NO;
				GCC_NO_COMMON_BLOCKS = YES;
				GCC_OPTIMIZATION_LEVEL = 0;
				GCC_PREPROCESSOR_DEFINITIONS = (
					"DEBUG=1",
					"$(inherited)",
				);
				GCC_WARN_64_TO_32_BIT_CONVERSION = YES;
				GCC_WARN_ABOUT_RETURN_TYPE = YES_ERROR;
				GCC_WARN_UNDECLARED_SELECTOR = YES;
				GCC_WARN_UNINITIALIZED_AUTOS = YES_AGGRESSIVE;
				GCC_WARN_UNUSED_FUNCTION = YES;
				GCC_WARN_UNUSED_VARIABLE = YES;
				IPHONEOS_DEPLOYMENT_TARGET = 13.7;
				MTL_ENABLE_DEBUG_INFO = INCLUDE_SOURCE;
				MTL_FAST_MATH = YES;
				ONLY_ACTIVE_ARCH = YES;
				SDKROOT = iphoneos;
				SWIFT_ACTIVE_COMPILATION_CONDITIONS = DEBUG;
				SWIFT_OPTIMIZATION_LEVEL = "-Onone";
			};
			name = Debug;
		};
		18D062912728154300831A41 /* Release */ = {
			isa = XCBuildConfiguration;
			buildSettings = {
				ALWAYS_SEARCH_USER_PATHS = NO;
				CLANG_ANALYZER_NONNULL = YES;
				CLANG_ANALYZER_NUMBER_OBJECT_CONVERSION = YES_AGGRESSIVE;
				CLANG_CXX_LANGUAGE_STANDARD = "gnu++14";
				CLANG_CXX_LIBRARY = "libc++";
				CLANG_ENABLE_MODULES = YES;
				CLANG_ENABLE_OBJC_ARC = YES;
				CLANG_ENABLE_OBJC_WEAK = YES;
				CLANG_WARN_BLOCK_CAPTURE_AUTORELEASING = YES;
				CLANG_WARN_BOOL_CONVERSION = YES;
				CLANG_WARN_COMMA = YES;
				CLANG_WARN_CONSTANT_CONVERSION = YES;
				CLANG_WARN_DEPRECATED_OBJC_IMPLEMENTATIONS = YES;
				CLANG_WARN_DIRECT_OBJC_ISA_USAGE = YES_ERROR;
				CLANG_WARN_DOCUMENTATION_COMMENTS = YES;
				CLANG_WARN_EMPTY_BODY = YES;
				CLANG_WARN_ENUM_CONVERSION = YES;
				CLANG_WARN_INFINITE_RECURSION = YES;
				CLANG_WARN_INT_CONVERSION = YES;
				CLANG_WARN_NON_LITERAL_NULL_CONVERSION = YES;
				CLANG_WARN_OBJC_IMPLICIT_RETAIN_SELF = YES;
				CLANG_WARN_OBJC_LITERAL_CONVERSION = YES;
				CLANG_WARN_OBJC_ROOT_CLASS = YES_ERROR;
				CLANG_WARN_RANGE_LOOP_ANALYSIS = YES;
				CLANG_WARN_STRICT_PROTOTYPES = YES;
				CLANG_WARN_SUSPICIOUS_MOVE = YES;
				CLANG_WARN_UNGUARDED_AVAILABILITY = YES_AGGRESSIVE;
				CLANG_WARN_UNREACHABLE_CODE = YES;
				CLANG_WARN__DUPLICATE_METHOD_MATCH = YES;
				COPY_PHASE_STRIP = NO;
				DEBUG_INFORMATION_FORMAT = "dwarf-with-dsym";
				ENABLE_NS_ASSERTIONS = NO;
				ENABLE_STRICT_OBJC_MSGSEND = YES;
				GCC_C_LANGUAGE_STANDARD = gnu11;
				GCC_NO_COMMON_BLOCKS = YES;
				GCC_WARN_64_TO_32_BIT_CONVERSION = YES;
				GCC_WARN_ABOUT_RETURN_TYPE = YES_ERROR;
				GCC_WARN_UNDECLARED_SELECTOR = YES;
				GCC_WARN_UNINITIALIZED_AUTOS = YES_AGGRESSIVE;
				GCC_WARN_UNUSED_FUNCTION = YES;
				GCC_WARN_UNUSED_VARIABLE = YES;
				IPHONEOS_DEPLOYMENT_TARGET = 13.7;
				MTL_ENABLE_DEBUG_INFO = NO;
				MTL_FAST_MATH = YES;
				SDKROOT = iphoneos;
				SWIFT_COMPILATION_MODE = wholemodule;
				SWIFT_OPTIMIZATION_LEVEL = "-O";
				VALIDATE_PRODUCT = YES;
			};
			name = Release;
		};
		18D062932728154300831A41 /* Debug */ = {
			isa = XCBuildConfiguration;
			buildSettings = {
				ASSETCATALOG_COMPILER_APPICON_NAME = AppIcon;
				CODE_SIGN_STYLE = Automatic;
				INFOPLIST_FILE = "Wedding Album/Info.plist";
				LD_RUNPATH_SEARCH_PATHS = (
					"$(inherited)",
					"@executable_path/Frameworks",
				);
				PRODUCT_BUNDLE_IDENTIFIER = "com.Wedding-Album";
				PRODUCT_NAME = "$(TARGET_NAME)";
				SWIFT_VERSION = 5.0;
				TARGETED_DEVICE_FAMILY = "1,2";
			};
			name = Debug;
		};
		18D062942728154300831A41 /* Release */ = {
			isa = XCBuildConfiguration;
			buildSettings = {
				ASSETCATALOG_COMPILER_APPICON_NAME = AppIcon;
				CODE_SIGN_STYLE = Automatic;
				INFOPLIST_FILE = "Wedding Album/Info.plist";
				LD_RUNPATH_SEARCH_PATHS = (
					"$(inherited)",
					"@executable_path/Frameworks",
				);
				PRODUCT_BUNDLE_IDENTIFIER = "com.Wedding-Album";
				PRODUCT_NAME = "$(TARGET_NAME)";
				SWIFT_VERSION = 5.0;
				TARGETED_DEVICE_FAMILY = "1,2";
			};
			name = Release;
		};
/* End XCBuildConfiguration section */

/* Begin XCConfigurationList section */
		18D062792728154100831A41 /* Build configuration list for PBXProject "Wedding Album" */ = {
			isa = XCConfigurationList;
			buildConfigurations = (
				18D062902728154300831A41 /* Debug */,
				18D062912728154300831A41 /* Release */,
			);
			defaultConfigurationIsVisible = 0;
			defaultConfigurationName = Release;
		};
		18D062922728154300831A41 /* Build configuration list for PBXNativeTarget "Wedding Album" */ = {
			isa = XCConfigurationList;
			buildConfigurations = (
				18D062932728154300831A41 /* Debug */,
				18D062942728154300831A41 /* Release */,
			);
			defaultConfigurationIsVisible = 0;
			defaultConfigurationName = Release;
		};
/* End XCConfigurationList section */
	};
	rootObject = 18D062762728154100831A41 /* Project object */;
}
